
Microsoft Visual Studio Solution File, Format Version 12.00
# Visual Studio Version 17
VisualStudioVersion = 17.0.32014.148
MinimumVisualStudioVersion = 10.0.40219.1
Project("{FAE04EC0-301F-11D3-BF4B-00C04F79EFBC}") = "SnakeTheGame", "SnakeTheGame.csproj", "{651ADFBE-E9A8-433F-BA84-63E20154ADCE}"
EndProject
Global
	GlobalSection(SolutionConfigurationPlatforms) = preSolution
		Debug|Any CPU = Debug|Any CPU
		Release|Any CPU = Release|Any CPU
	EndGlobalSection
	GlobalSection(ProjectConfigurationPlatforms) = postSolution
		{651ADFBE-E9A8-433F-BA84-63E20154ADCE}.Debug|Any CPU.ActiveCfg = Debug|Any CPU
		{651ADFBE-E9A8-433F-BA84-63E20154ADCE}.Debug|Any CPU.Build.0 = Debug|Any CPU
		{651ADFBE-E9A8-433F-BA84-63E20154ADCE}.Release|Any CPU.ActiveCfg = Release|Any CPU
		{651ADFBE-E9A8-433F-BA84-63E20154ADCE}.Release|Any CPU.Build.0 = Release|Any CPU
	EndGlobalSection
	GlobalSection(SolutionProperties) = preSolution
		HideSolutionNode = FALSE
	EndGlobalSection
	GlobalSection(ExtensibilityGlobals) = postSolution
		SolutionGuid = {2FA0FC63-42A3-4989-A73F-B97BDACE321C}
	EndGlobalSection
EndGlobal
